
Microsoft Visual Studio Solution File, Format Version 12.00
# Visual Studio 2012
Project("{FAE04EC0-301F-11D3-BF4B-00C04F79EFBC}") = "MyPaint", "MyPaint.csproj", "{952437A9-F7CD-4DD2-A305-8032977B295F}"
EndProject
Project("{F088123C-0E9E-452A-89E6-6BA2F21D5CAC}") = "ModelingProject", "ModelingProject\ModelingProject.modelproj", "{DBD7D049-10FC-415D-86BA-8687C649DA3F}"
EndProject
Global
	GlobalSection(SolutionConfigurationPlatforms) = preSolution
		Debug|Any CPU = Debug|Any CPU
		Release|Any CPU = Release|Any CPU
	EndGlobalSection
	GlobalSection(ProjectConfigurationPlatforms) = postSolution
		{952437A9-F7CD-4DD2-A305-8032977B295F}.Debug|Any CPU.ActiveCfg = Debug|Any CPU
		{952437A9-F7CD-4DD2-A305-8032977B295F}.Debug|Any CPU.Build.0 = Debug|Any CPU
		{952437A9-F7CD-4DD2-A305-8032977B295F}.Release|Any CPU.ActiveCfg = Release|Any CPU
		{952437A9-F7CD-4DD2-A305-8032977B295F}.Release|Any CPU.Build.0 = Release|Any CPU
		{DBD7D049-10FC-415D-86BA-8687C649DA3F}.Debug|Any CPU.ActiveCfg = Debug|Any CPU
		{DBD7D049-10FC-415D-86BA-8687C649DA3F}.Debug|Any CPU.Build.0 = Debug|Any CPU
		{DBD7D049-10FC-415D-86BA-8687C649DA3F}.Release|Any CPU.ActiveCfg = Release|Any CPU
		{DBD7D049-10FC-415D-86BA-8687C649DA3F}.Release|Any CPU.Build.0 = Release|Any CPU
	EndGlobalSection
	GlobalSection(SolutionProperties) = preSolution
		HideSolutionNode = FALSE
	EndGlobalSection
EndGlobal
